// !$*UTF8*$!
{
	archiveVersion = 1;
	classes = {
	};
	objectVersion = 50;
	objects = {

/* Begin PBXBuildFile section */
		4FB02EE1225C91C400281232 /* AppDelegate.swift in Sources */ = {isa = PBXBuildFile; fileRef = 4FB02EE0225C91C400281232 /* AppDelegate.swift */; };
		4FB02EE3225C91C400281232 /* ViewController.swift in Sources */ = {isa = PBXBuildFile; fileRef = 4FB02EE2225C91C400281232 /* ViewController.swift */; };
		4FB02EE6225C91C400281232 /* Main.storyboard in Resources */ = {isa = PBXBuildFile; fileRef = 4FB02EE4225C91C400281232 /* Main.storyboard */; };
		4FB02EE8225C91C500281232 /* Assets.xcassets in Resources */ = {isa = PBXBuildFile; fileRef = 4FB02EE7225C91C500281232 /* Assets.xcassets */; };
		4FB02EEB225C91C500281232 /* LaunchScreen.storyboard in Resources */ = {isa = PBXBuildFile; fileRef = 4FB02EE9225C91C500281232 /* LaunchScreen.storyboard */; };
		4FB02EF3225C920300281232 /* EqualWidthViews.storyboard in Resources */ = {isa = PBXBuildFile; fileRef = 4FB02EF2225C920300281232 /* EqualWidthViews.storyboard */; };
		4FB02EF5225C97F600281232 /* EqualWidthViews.swift in Sources */ = {isa = PBXBuildFile; fileRef = 4FB02EF4225C97F600281232 /* EqualWidthViews.swift */; };
		4FB02EF7225CA5E500281232 /* DifferingHeightViews.storyboard in Resources */ = {isa = PBXBuildFile; fileRef = 4FB02EF6225CA5E500281232 /* DifferingHeightViews.storyboard */; };
		4FB02EF9225CA96000281232 /* DifferingHeightViews.swift in Sources */ = {isa = PBXBuildFile; fileRef = 4FB02EF8225CA96000281232 /* DifferingHeightViews.swift */; };
		4FB02EFB225CB9D900281232 /* ComplexViewWidth.storyboard in Resources */ = {isa = PBXBuildFile; fileRef = 4FB02EFA225CB9D900281232 /* ComplexViewWidth.storyboard */; };
		4FB02EFD225CBC6200281232 /* ComplexViewWidth.swift in Sources */ = {isa = PBXBuildFile; fileRef = 4FB02EFC225CBC6200281232 /* ComplexViewWidth.swift */; };
		4FB02EFF225CCB1900281232 /* Form.storyboard in Resources */ = {isa = PBXBuildFile; fileRef = 4FB02EFE225CCB1900281232 /* Form.storyboard */; };
/* End PBXBuildFile section */

/* Begin PBXFileReference section */
		4FB02EDD225C91C400281232 /* AutoLayout Cookbook.app */ = {isa = PBXFileReference; explicitFileType = wrapper.application; includeInIndex = 0; path = "AutoLayout Cookbook.app"; sourceTree = BUILT_PRODUCTS_DIR; };
		4FB02EE0225C91C400281232 /* AppDelegate.swift */ = {isa = PBXFileReference; lastKnownFileType = sourcecode.swift; path = AppDelegate.swift; sourceTree = "<group>"; };
		4FB02EE2225C91C400281232 /* ViewController.swift */ = {isa = PBXFileReference; lastKnownFileType = sourcecode.swift; path = ViewController.swift; sourceTree = "<group>"; };
		4FB02EE5225C91C400281232 /* Base */ = {isa = PBXFileReference; lastKnownFileType = file.storyboard; name = Base; path = Base.lproj/Main.storyboard; sourceTree = "<group>"; };
		4FB02EE7225C91C500281232 /* Assets.xcassets */ = {isa = PBXFileReference; lastKnownFileType = folder.assetcatalog; path = Assets.xcassets; sourceTree = "<group>"; };
		4FB02EEA225C91C500281232 /* Base */ = {isa = PBXFileReference; lastKnownFileType = file.storyboard; name = Base; path = Base.lproj/LaunchScreen.storyboard; sourceTree = "<group>"; };
		4FB02EEC225C91C500281232 /* Info.plist */ = {isa = PBXFileReference; lastKnownFileType = text.plist.xml; path = Info.plist; sourceTree = "<group>"; };
		4FB02EF2225C920300281232 /* EqualWidthViews.storyboard */ = {isa = PBXFileReference; lastKnownFileType = file.storyboard; path = EqualWidthViews.storyboard; sourceTree = "<group>"; };
		4FB02EF4225C97F600281232 /* EqualWidthViews.swift */ = {isa = PBXFileReference; lastKnownFileType = sourcecode.swift; path = EqualWidthViews.swift; sourceTree = "<group>"; };
		4FB02EF6225CA5E500281232 /* DifferingHeightViews.storyboard */ = {isa = PBXFileReference; lastKnownFileType = file.storyboard; path = DifferingHeightViews.storyboard; sourceTree = "<group>"; };
		4FB02EF8225CA96000281232 /* DifferingHeightViews.swift */ = {isa = PBXFileReference; lastKnownFileType = sourcecode.swift; path = DifferingHeightViews.swift; sourceTree = "<group>"; };
		4FB02EFA225CB9D900281232 /* ComplexViewWidth.storyboard */ = {isa = PBXFileReference; lastKnownFileType = file.storyboard; path = ComplexViewWidth.storyboard; sourceTree = "<group>"; };
		4FB02EFC225CBC6200281232 /* ComplexViewWidth.swift */ = {isa = PBXFileReference; lastKnownFileType = sourcecode.swift; path = ComplexViewWidth.swift; sourceTree = "<group>"; };
		4FB02EFE225CCB1900281232 /* Form.storyboard */ = {isa = PBXFileReference; lastKnownFileType = file.storyboard; path = Form.storyboard; sourceTree = "<group>"; };
/* End PBXFileReference section */

/* Begin PBXFrameworksBuildPhase section */
		4FB02EDA225C91C400281232 /* Frameworks */ = {
			isa = PBXFrameworksBuildPhase;
			buildActionMask = 2147483647;
			files = (
			);
			runOnlyForDeploymentPostprocessing = 0;
		};
/* End PBXFrameworksBuildPhase section */

/* Begin PBXGroup section */
		4FB02ED4225C91C400281232 = {
			isa = PBXGroup;
			children = (
				4FB02EDF225C91C400281232 /* AutoLayout Cookbook */,
				4FB02EDE225C91C400281232 /* Products */,
			);
			sourceTree = "<group>";
		};
		4FB02EDE225C91C400281232 /* Products */ = {
			isa = PBXGroup;
			children = (
				4FB02EDD225C91C400281232 /* AutoLayout Cookbook.app */,
			);
			name = Products;
			sourceTree = "<group>";
		};
		4FB02EDF225C91C400281232 /* AutoLayout Cookbook */ = {
			isa = PBXGroup;
			children = (
				4FB02EE0225C91C400281232 /* AppDelegate.swift */,
				4FB02EE2225C91C400281232 /* ViewController.swift */,
				4FB02EE4225C91C400281232 /* Main.storyboard */,
				4FB02EF8225CA96000281232 /* DifferingHeightViews.swift */,
				4FB02EF6225CA5E500281232 /* DifferingHeightViews.storyboard */,
				4FB02EE7225C91C500281232 /* Assets.xcassets */,
				4FB02EE9225C91C500281232 /* LaunchScreen.storyboard */,
				4FB02EEC225C91C500281232 /* Info.plist */,
				4FB02EF2225C920300281232 /* EqualWidthViews.storyboard */,
				4FB02EF4225C97F600281232 /* EqualWidthViews.swift */,
				4FB02EFA225CB9D900281232 /* ComplexViewWidth.storyboard */,
				4FB02EFC225CBC6200281232 /* ComplexViewWidth.swift */,
				4FB02EFE225CCB1900281232 /* Form.storyboard */,
			);
			path = "AutoLayout Cookbook";
			sourceTree = "<group>";
		};
/* End PBXGroup section */

/* Begin PBXNativeTarget section */
		4FB02EDC225C91C400281232 /* AutoLayout Cookbook */ = {
			isa = PBXNativeTarget;
			buildConfigurationList = 4FB02EEF225C91C500281232 /* Build configuration list for PBXNativeTarget "AutoLayout Cookbook" */;
			buildPhases = (
				4FB02ED9225C91C400281232 /* Sources */,
				4FB02EDA225C91C400281232 /* Frameworks */,
				4FB02EDB225C91C400281232 /* Resources */,
			);
			buildRules = (
			);
			dependencies = (
			);
			name = "AutoLayout Cookbook";
			productName = "AutoLayout Cookbook";
			productReference = 4FB02EDD225C91C400281232 /* AutoLayout Cookbook.app */;
			productType = "com.apple.product-type.application";
		};
/* End PBXNativeTarget section */

/* Begin PBXProject section */
		4FB02ED5225C91C400281232 /* Project object */ = {
			isa = PBXProject;
			attributes = {
				LastSwiftUpdateCheck = 1020;
				LastUpgradeCheck = 1020;
				ORGANIZATIONNAME = anna.sibirtseva;
				TargetAttributes = {
					4FB02EDC225C91C400281232 = {
						CreatedOnToolsVersion = 10.2;
					};
				};
			};
			buildConfigurationList = 4FB02ED8225C91C400281232 /* Build configuration list for PBXProject "AutoLayout Cookbook" */;
			compatibilityVersion = "Xcode 9.3";
			developmentRegion = en;
			hasScannedForEncodings = 0;
			knownRegions = (
				en,
				Base,
			);
			mainGroup = 4FB02ED4225C91C400281232;
			productRefGroup = 4FB02EDE225C91C400281232 /* Products */;
			projectDirPath = "";
			projectRoot = "";
			targets = (
				4FB02EDC225C91C400281232 /* AutoLayout Cookbook */,
			);
		};
/* End PBXProject section */

/* Begin PBXResourcesBuildPhase section */
		4FB02EDB225C91C400281232 /* Resources */ = {
			isa = PBXResourcesBuildPhase;
			buildActionMask = 2147483647;
			files = (
				4FB02EEB225C91C500281232 /* LaunchScreen.storyboard in Resources */,
				4FB02EF7225CA5E500281232 /* DifferingHeightViews.storyboard in Resources */,
				4FB02EE8225C91C500281232 /* Assets.xcassets in Resources */,
				4FB02EE6225C91C400281232 /* Main.storyboard in Resources */,
				4FB02EFF225CCB1900281232 /* Form.storyboard in Resources */,
				4FB02EF3225C920300281232 /* EqualWidthViews.storyboard in Resources */,
				4FB02EFB225CB9D900281232 /* ComplexViewWidth.storyboard in Resources */,
			);
			runOnlyForDeploymentPostprocessing = 0;
		};
/* End PBXResourcesBuildPhase section */

/* Begin PBXSourcesBuildPhase section */
		4FB02ED9225C91C400281232 /* Sources */ = {
			isa = PBXSourcesBuildPhase;
			buildActionMask = 2147483647;
			files = (
				4FB02EE3225C91C400281232 /* ViewController.swift in Sources */,
				4FB02EE1225C91C400281232 /* AppDelegate.swift in Sources */,
				4FB02EF9225CA96000281232 /* DifferingHeightViews.swift in Sources */,
				4FB02EFD225CBC6200281232 /* ComplexViewWidth.swift in Sources */,
				4FB02EF5225C97F600281232 /* EqualWidthViews.swift in Sources */,
			);
			runOnlyForDeploymentPostprocessing = 0;
		};
/* End PBXSourcesBuildPhase section */

/* Begin PBXVariantGroup section */
		4FB02EE4225C91C400281232 /* Main.storyboard */ = {
			isa = PBXVariantGroup;
			children = (
				4FB02EE5225C91C400281232 /* Base */,
			);
			name = Main.storyboard;
			sourceTree = "<group>";
		};
		4FB02EE9225C91C500281232 /* LaunchScreen.storyboard */ = {
			isa = PBXVariantGroup;
			children = (
				4FB02EEA225C91C500281232 /* Base */,
			);
			name = LaunchScreen.storyboard;
			sourceTree = "<group>";
		};
/* End PBXVariantGroup section */

/* Begin XCBuildConfiguration section */
		4FB02EED225C91C500281232 /* Debug */ = {
			isa = XCBuildConfiguration;
			buildSettings = {
				ALWAYS_SEARCH_USER_PATHS = NO;
				CLANG_ANALYZER_NONNULL = YES;
				CLANG_ANALYZER_NUMBER_OBJECT_CONVERSION = YES_AGGRESSIVE;
				CLANG_CXX_LANGUAGE_STANDARD = "gnu++14";
				CLANG_CXX_LIBRARY = "libc++";
				CLANG_ENABLE_MODULES = YES;
				CLANG_ENABLE_OBJC_ARC = YES;
				CLANG_ENABLE_OBJC_WEAK = YES;
				CLANG_WARN_BLOCK_CAPTURE_AUTORELEASING = YES;
				CLANG_WARN_BOOL_CONVERSION = YES;
				CLANG_WARN_COMMA = YES;
				CLANG_WARN_CONSTANT_CONVERSION = YES;
				CLANG_WARN_DEPRECATED_OBJC_IMPLEMENTATIONS = YES;
				CLANG_WARN_DIRECT_OBJC_ISA_USAGE = YES_ERROR;
				CLANG_WARN_DOCUMENTATION_COMMENTS = YES;
				CLANG_WARN_EMPTY_BODY = YES;
				CLANG_WARN_ENUM_CONVERSION = YES;
				CLANG_WARN_INFINITE_RECURSION = YES;
				CLANG_WARN_INT_CONVERSION = YES;
				CLANG_WARN_NON_LITERAL_NULL_CONVERSION = YES;
				CLANG_WARN_OBJC_IMPLICIT_RETAIN_SELF = YES;
				CLANG_WARN_OBJC_LITERAL_CONVERSION = YES;
				CLANG_WARN_OBJC_ROOT_CLASS = YES_ERROR;
				CLANG_WARN_RANGE_LOOP_ANALYSIS = YES;
				CLANG_WARN_STRICT_PROTOTYPES = YES;
				CLANG_WARN_SUSPICIOUS_MOVE = YES;
				CLANG_WARN_UNGUARDED_AVAILABILITY = YES_AGGRESSIVE;
				CLANG_WARN_UNREACHABLE_CODE = YES;
				CLANG_WARN__DUPLICATE_METHOD_MATCH = YES;
				CODE_SIGN_IDENTITY = "iPhone Developer";
				COPY_PHASE_STRIP = NO;
				DEBUG_INFORMATION_FORMAT = dwarf;
				ENABLE_STRICT_OBJC_MSGSEND = YES;
				ENABLE_TESTABILITY = YES;
				GCC_C_LANGUAGE_STANDARD = gnu11;
				GCC_DYNAMIC_NO_PIC = NO;
				GCC_NO_COMMON_BLOCKS = YES;
				GCC_OPTIMIZATION_LEVEL = 0;
				GCC_PREPROCESSOR_DEFINITIONS = (
					"DEBUG=1",
					"$(inherited)",
				);
				GCC_WARN_64_TO_32_BIT_CONVERSION = YES;
				GCC_WARN_ABOUT_RETURN_TYPE = YES_ERROR;
				GCC_WARN_UNDECLARED_SELECTOR = YES;
				GCC_WARN_UNINITIALIZED_AUTOS = YES_AGGRESSIVE;
				GCC_WARN_UNUSED_FUNCTION = YES;
				GCC_WARN_UNUSED_VARIABLE = YES;
				IPHONEOS_DEPLOYMENT_TARGET = 12.2;
				MTL_ENABLE_DEBUG_INFO = INCLUDE_SOURCE;
				MTL_FAST_MATH = YES;
				ONLY_ACTIVE_ARCH = YES;
				SDKROOT = iphoneos;
				SWIFT_ACTIVE_COMPILATION_CONDITIONS = DEBUG;
				SWIFT_OPTIMIZATION_LEVEL = "-Onone";
			};
			name = Debug;
		};
		4FB02EEE225C91C500281232 /* Release */ = {
			isa = XCBuildConfiguration;
			buildSettings = {
				ALWAYS_SEARCH_USER_PATHS = NO;
				CLANG_ANALYZER_NONNULL = YES;
				CLANG_ANALYZER_NUMBER_OBJECT_CONVERSION = YES_AGGRESSIVE;
				CLANG_CXX_LANGUAGE_STANDARD = "gnu++14";
				CLANG_CXX_LIBRARY = "libc++";
				CLANG_ENABLE_MODULES = YES;
				CLANG_ENABLE_OBJC_ARC = YES;
				CLANG_ENABLE_OBJC_WEAK = YES;
				CLANG_WARN_BLOCK_CAPTURE_AUTORELEASING = YES;
				CLANG_WARN_BOOL_CONVERSION = YES;
				CLANG_WARN_COMMA = YES;
				CLANG_WARN_CONSTANT_CONVERSION = YES;
				CLANG_WARN_DEPRECATED_OBJC_IMPLEMENTATIONS = YES;
				CLANG_WARN_DIRECT_OBJC_ISA_USAGE = YES_ERROR;
				CLANG_WARN_DOCUMENTATION_COMMENTS = YES;
				CLANG_WARN_EMPTY_BODY = YES;
				CLANG_WARN_ENUM_CONVERSION = YES;
				CLANG_WARN_INFINITE_RECURSION = YES;
				CLANG_WARN_INT_CONVERSION = YES;
				CLANG_WARN_NON_LITERAL_NULL_CONVERSION = YES;
				CLANG_WARN_OBJC_IMPLICIT_RETAIN_SELF = YES;
				CLANG_WARN_OBJC_LITERAL_CONVERSION = YES;
				CLANG_WARN_OBJC_ROOT_CLASS = YES_ERROR;
				CLANG_WARN_RANGE_LOOP_ANALYSIS = YES;
				CLANG_WARN_STRICT_PROTOTYPES = YES;
				CLANG_WARN_SUSPICIOUS_MOVE = YES;
				CLANG_WARN_UNGUARDED_AVAILABILITY = YES_AGGRESSIVE;
				CLANG_WARN_UNREACHABLE_CODE = YES;
				CLANG_WARN__DUPLICATE_METHOD_MATCH = YES;
				CODE_SIGN_IDENTITY = "iPhone Developer";
				COPY_PHASE_STRIP = NO;
				DEBUG_INFORMATION_FORMAT = "dwarf-with-dsym";
				ENABLE_NS_ASSERTIONS = NO;
				ENABLE_STRICT_OBJC_MSGSEND = YES;
				GCC_C_LANGUAGE_STANDARD = gnu11;
				GCC_NO_COMMON_BLOCKS = YES;
				GCC_WARN_64_TO_32_BIT_CONVERSION = YES;
				GCC_WARN_ABOUT_RETURN_TYPE = YES_ERROR;
				GCC_WARN_UNDECLARED_SELECTOR = YES;
				GCC_WARN_UNINITIALIZED_AUTOS = YES_AGGRESSIVE;
				GCC_WARN_UNUSED_FUNCTION = YES;
				GCC_WARN_UNUSED_VARIABLE = YES;
				IPHONEOS_DEPLOYMENT_TARGET = 12.2;
				MTL_ENABLE_DEBUG_INFO = NO;
				MTL_FAST_MATH = YES;
				SDKROOT = iphoneos;
				SWIFT_COMPILATION_MODE = wholemodule;
				SWIFT_OPTIMIZATION_LEVEL = "-O";
				VALIDATE_PRODUCT = YES;
			};
			name = Release;
		};
		4FB02EF0225C91C500281232 /* Debug */ = {
			isa = XCBuildConfiguration;
			buildSettings = {
				ASSETCATALOG_COMPILER_APPICON_NAME = AppIcon;
				CODE_SIGN_STYLE = Automatic;
				INFOPLIST_FILE = "AutoLayout Cookbook/Info.plist";
				LD_RUNPATH_SEARCH_PATHS = (
					"$(inherited)",
					"@executable_path/Frameworks",
				);
				PRODUCT_BUNDLE_IDENTIFIER = "accenture.AutoLayout-Cookbook";
				PRODUCT_NAME = "$(TARGET_NAME)";
				SWIFT_VERSION = 5.0;
				TARGETED_DEVICE_FAMILY = "1,2";
			};
			name = Debug;
		};
		4FB02EF1225C91C500281232 /* Release */ = {
			isa = XCBuildConfiguration;
			buildSettings = {
				ASSETCATALOG_COMPILER_APPICON_NAME = AppIcon;
				CODE_SIGN_STYLE = Automatic;
				INFOPLIST_FILE = "AutoLayout Cookbook/Info.plist";
				LD_RUNPATH_SEARCH_PATHS = (
					"$(inherited)",
					"@executable_path/Frameworks",
				);
				PRODUCT_BUNDLE_IDENTIFIER = "accenture.AutoLayout-Cookbook";
				PRODUCT_NAME = "$(TARGET_NAME)";
				SWIFT_VERSION = 5.0;
				TARGETED_DEVICE_FAMILY = "1,2";
			};
			name = Release;
		};
/* End XCBuildConfiguration section */

/* Begin XCConfigurationList section */
		4FB02ED8225C91C400281232 /* Build configuration list for PBXProject "AutoLayout Cookbook" */ = {
			isa = XCConfigurationList;
			buildConfigurations = (
				4FB02EED225C91C500281232 /* Debug */,
				4FB02EEE225C91C500281232 /* Release */,
			);
			defaultConfigurationIsVisible = 0;
			defaultConfigurationName = Release;
		};
		4FB02EEF225C91C500281232 /* Build configuration list for PBXNativeTarget "AutoLayout Cookbook" */ = {
			isa = XCConfigurationList;
			buildConfigurations = (
				4FB02EF0225C91C500281232 /* Debug */,
				4FB02EF1225C91C500281232 /* Release */,
			);
			defaultConfigurationIsVisible = 0;
			defaultConfigurationName = Release;
		};
/* End XCConfigurationList section */
	};
	rootObject = 4FB02ED5225C91C400281232 /* Project object */;
}
